
Microsoft Visual Studio Solution File, Format Version 12.00
# Visual Studio 2012
Project("{FAE04EC0-301F-11D3-BF4B-00C04F79EFBC}") = "daemon", "daemon\daemon.csproj", "{9E6266A3-9BE0-4764-8FA3-4034ED29EDEB}"
EndProject
Project("{FAE04EC0-301F-11D3-BF4B-00C04F79EFBC}") = "x10lib", "x10lib\x10lib.csproj", "{5322FFEE-F6C6-40A8-ABAA-692C9E75A3C4}"
EndProject
Project("{FAE04EC0-301F-11D3-BF4B-00C04F79EFBC}") = "utilities", "utilities\utilities.csproj", "{403AEE12-4B5C-4AFE-8967-BCD24C73000F}"
EndProject
Project("{FAE04EC0-301F-11D3-BF4B-00C04F79EFBC}") = "weather", "weather\weather.csproj", "{6450F496-7964-4358-88B4-D7287071BA01}"
EndProject
Project("{FAE04EC0-301F-11D3-BF4B-00C04F79EFBC}") = "core", "core\core.csproj", "{9BB548DD-318C-4777-95A5-4C2341414E0D}"
EndProject
Project("{FAE04EC0-301F-11D3-BF4B-00C04F79EFBC}") = "cron", "cron\cron.csproj", "{F3463163-406A-48BD-BFA6-F9F555D033CD}"
EndProject
Global
	GlobalSection(SolutionConfigurationPlatforms) = preSolution
		Debug|Any CPU = Debug|Any CPU
		Release|Any CPU = Release|Any CPU
	EndGlobalSection
	GlobalSection(ProjectConfigurationPlatforms) = postSolution
		{403AEE12-4B5C-4AFE-8967-BCD24C73000F}.Debug|Any CPU.ActiveCfg = Debug|Any CPU
		{403AEE12-4B5C-4AFE-8967-BCD24C73000F}.Debug|Any CPU.Build.0 = Debug|Any CPU
		{403AEE12-4B5C-4AFE-8967-BCD24C73000F}.Release|Any CPU.ActiveCfg = Release|Any CPU
		{403AEE12-4B5C-4AFE-8967-BCD24C73000F}.Release|Any CPU.Build.0 = Release|Any CPU
		{5322FFEE-F6C6-40A8-ABAA-692C9E75A3C4}.Debug|Any CPU.ActiveCfg = Debug|Any CPU
		{5322FFEE-F6C6-40A8-ABAA-692C9E75A3C4}.Debug|Any CPU.Build.0 = Debug|Any CPU
		{5322FFEE-F6C6-40A8-ABAA-692C9E75A3C4}.Release|Any CPU.ActiveCfg = Release|Any CPU
		{5322FFEE-F6C6-40A8-ABAA-692C9E75A3C4}.Release|Any CPU.Build.0 = Release|Any CPU
		{6450F496-7964-4358-88B4-D7287071BA01}.Debug|Any CPU.ActiveCfg = Debug|Any CPU
		{6450F496-7964-4358-88B4-D7287071BA01}.Debug|Any CPU.Build.0 = Debug|Any CPU
		{6450F496-7964-4358-88B4-D7287071BA01}.Release|Any CPU.ActiveCfg = Release|Any CPU
		{6450F496-7964-4358-88B4-D7287071BA01}.Release|Any CPU.Build.0 = Release|Any CPU
		{9BB548DD-318C-4777-95A5-4C2341414E0D}.Debug|Any CPU.ActiveCfg = Debug|Any CPU
		{9BB548DD-318C-4777-95A5-4C2341414E0D}.Debug|Any CPU.Build.0 = Debug|Any CPU
		{9BB548DD-318C-4777-95A5-4C2341414E0D}.Release|Any CPU.ActiveCfg = Release|Any CPU
		{9BB548DD-318C-4777-95A5-4C2341414E0D}.Release|Any CPU.Build.0 = Release|Any CPU
		{9E6266A3-9BE0-4764-8FA3-4034ED29EDEB}.Debug|Any CPU.ActiveCfg = Debug|Any CPU
		{9E6266A3-9BE0-4764-8FA3-4034ED29EDEB}.Debug|Any CPU.Build.0 = Debug|Any CPU
		{9E6266A3-9BE0-4764-8FA3-4034ED29EDEB}.Release|Any CPU.ActiveCfg = Release|Any CPU
		{9E6266A3-9BE0-4764-8FA3-4034ED29EDEB}.Release|Any CPU.Build.0 = Release|Any CPU
		{F3463163-406A-48BD-BFA6-F9F555D033CD}.Debug|Any CPU.ActiveCfg = Debug|Any CPU
		{F3463163-406A-48BD-BFA6-F9F555D033CD}.Debug|Any CPU.Build.0 = Debug|Any CPU
		{F3463163-406A-48BD-BFA6-F9F555D033CD}.Release|Any CPU.ActiveCfg = Release|Any CPU
		{F3463163-406A-48BD-BFA6-F9F555D033CD}.Release|Any CPU.Build.0 = Release|Any CPU
	EndGlobalSection
	GlobalSection(MonoDevelopProperties) = preSolution
		StartupItem = daemon\daemon.csproj
		Policies = $0
		$0.DotNetNamingPolicy = $1
		$1.DirectoryNamespaceAssociation = PrefixedHierarchical
		$1.ResourceNamePolicy = FileFormatDefault
		$0.TextStylePolicy = $2
		$2.FileWidth = 120
		$2.NoTabsAfterNonTabs = True
		$2.EolMarker = Unix
		$2.inheritsSet = VisualStudio
		$2.inheritsScope = text/plain
		$2.scope = text/x-csharp
		$0.CSharpFormattingPolicy = $3
		$3.IndentSwitchBody = True
		$3.AutoPropertyFormatting = ForceOneLine
		$3.NamespaceBraceStyle = EndOfLine
		$3.ClassBraceStyle = EndOfLine
		$3.InterfaceBraceStyle = EndOfLine
		$3.StructBraceStyle = EndOfLine
		$3.EnumBraceStyle = EndOfLine
		$3.MethodBraceStyle = EndOfLine
		$3.ConstructorBraceStyle = EndOfLine
		$3.DestructorBraceStyle = EndOfLine
		$3.BeforeMethodDeclarationParentheses = False
		$3.BeforeMethodCallParentheses = False
		$3.BeforeConstructorDeclarationParentheses = False
		$3.BeforeIndexerDeclarationBracket = False
		$3.BeforeDelegateDeclarationParentheses = False
		$3.AfterDelegateDeclarationParameterComma = True
		$3.NewParentheses = False
		$3.SpacesBeforeBrackets = False
		$3.SpacesAfterTypecast = True
		$3.inheritsSet = Mono
		$3.inheritsScope = text/x-csharp
		$3.scope = text/x-csharp
		$0.NameConventionPolicy = $4
		$4.Rules = $5
		$5.NamingRule = $6
		$6.Name = Namespaces
		$6.AffectedEntity = Namespace
		$6.VisibilityMask = VisibilityMask
		$6.NamingStyle = PascalCase
		$6.IncludeInstanceMembers = True
		$6.IncludeStaticEntities = True
		$5.NamingRule = $7
		$7.Name = Types
		$7.AffectedEntity = Class, Struct, Enum, Delegate
		$7.VisibilityMask = Public
		$7.NamingStyle = PascalCase
		$7.IncludeInstanceMembers = True
		$7.IncludeStaticEntities = True
		$5.NamingRule = $8
		$8.Name = Interfaces
		$8.RequiredPrefixes = $9
		$9.String = I
		$8.AffectedEntity = Interface
		$8.VisibilityMask = Public
		$8.NamingStyle = PascalCase
		$8.IncludeInstanceMembers = True
		$8.IncludeStaticEntities = True
		$5.NamingRule = $10
		$10.Name = Attributes
		$10.RequiredSuffixes = $11
		$11.String = Attribute
		$10.AffectedEntity = CustomAttributes
		$10.VisibilityMask = Public
		$10.NamingStyle = PascalCase
		$10.IncludeInstanceMembers = True
		$10.IncludeStaticEntities = True
		$5.NamingRule = $12
		$12.Name = Event Arguments
		$12.RequiredSuffixes = $13
		$13.String = EventArgs
		$12.AffectedEntity = CustomEventArgs
		$12.VisibilityMask = Public
		$12.NamingStyle = PascalCase
		$12.IncludeInstanceMembers = True
		$12.IncludeStaticEntities = True
		$5.NamingRule = $14
		$14.Name = Exceptions
		$14.RequiredSuffixes = $15
		$15.String = Exception
		$14.AffectedEntity = CustomExceptions
		$14.VisibilityMask = VisibilityMask
		$14.NamingStyle = PascalCase
		$14.IncludeInstanceMembers = True
		$14.IncludeStaticEntities = True
		$5.NamingRule = $16
		$16.Name = Methods
		$16.AffectedEntity = Methods
		$16.VisibilityMask = Protected, Public
		$16.NamingStyle = PascalCase
		$16.IncludeInstanceMembers = True
		$16.IncludeStaticEntities = True
		$5.NamingRule = $17
		$17.Name = Static Readonly Fields
		$17.AffectedEntity = ReadonlyField
		$17.VisibilityMask = Protected, Public
		$17.NamingStyle = PascalCase
		$17.IncludeInstanceMembers = False
		$17.IncludeStaticEntities = True
		$5.NamingRule = $18
		$18.Name = Fields
		$18.AffectedEntity = Field
		$18.VisibilityMask = Protected, Public
		$18.NamingStyle = PascalCase
		$18.IncludeInstanceMembers = True
		$18.IncludeStaticEntities = True
		$5.NamingRule = $19
		$19.Name = ReadOnly Fields
		$19.AffectedEntity = ReadonlyField
		$19.VisibilityMask = Protected, Public
		$19.NamingStyle = PascalCase
		$19.IncludeInstanceMembers = True
		$19.IncludeStaticEntities = False
		$5.NamingRule = $20
		$20.Name = Constant Fields
		$20.AffectedEntity = ConstantField
		$20.VisibilityMask = Protected, Public
		$20.NamingStyle = PascalCase
		$20.IncludeInstanceMembers = True
		$20.IncludeStaticEntities = True
		$5.NamingRule = $21
		$21.Name = Properties
		$21.AffectedEntity = Property
		$21.VisibilityMask = Protected, Public
		$21.NamingStyle = PascalCase
		$21.IncludeInstanceMembers = True
		$21.IncludeStaticEntities = True
		$5.NamingRule = $22
		$22.Name = Events
		$22.AffectedEntity = Event
		$22.VisibilityMask = Protected, Public
		$22.NamingStyle = PascalCase
		$22.IncludeInstanceMembers = True
		$22.IncludeStaticEntities = True
		$5.NamingRule = $23
		$23.Name = Enum Members
		$23.AffectedEntity = EnumMember
		$23.VisibilityMask = VisibilityMask
		$23.NamingStyle = PascalCase
		$23.IncludeInstanceMembers = True
		$23.IncludeStaticEntities = True
		$5.NamingRule = $24
		$24.Name = Parameters
		$24.AffectedEntity = Parameter
		$24.VisibilityMask = VisibilityMask
		$24.NamingStyle = CamelCase
		$24.IncludeInstanceMembers = True
		$24.IncludeStaticEntities = True
		$5.NamingRule = $25
		$25.Name = Type Parameters
		$25.RequiredPrefixes = $26
		$26.String = T
		$25.AffectedEntity = TypeParameter
		$25.VisibilityMask = VisibilityMask
		$25.NamingStyle = PascalCase
		$25.IncludeInstanceMembers = True
		$25.IncludeStaticEntities = True
		$0.TextStylePolicy = $27
		$27.TabsToSpaces = False
		$27.inheritsSet = VisualStudio
		$27.inheritsScope = text/plain
		$27.scope = text/plain
		$0.TextStylePolicy = $28
		$28.FileWidth = 120
		$28.NoTabsAfterNonTabs = True
		$28.EolMarker = Unix
		$28.inheritsSet = VisualStudio
		$28.inheritsScope = text/plain
		$28.scope = application/xml
		$0.XmlFormattingPolicy = $29
		$29.inheritsSet = Mono
		$29.inheritsScope = application/xml
		$29.scope = application/xml
		$0.TextStylePolicy = $30
		$30.inheritsSet = null
		$30.scope = text/microsoft-resx
		$0.XmlFormattingPolicy = $31
		$31.inheritsSet = null
		$31.scope = text/microsoft-resx
		$0.VersionControlPolicy = $32
		$32.CommitMessageStyle = $33
		$33.FileSeparator = ", "
		$32.inheritsSet = Mono
		$0.ChangeLogPolicy = $34
		$34.UpdateMode = None
		$34.MessageStyle = $35
		$35.LineAlign = 0
		$34.inheritsSet = Mono
		$0.StandardHeader = $36
		$36.Text = @=============================================================================\n Copyright © Jason Heddings, All Rights Reserved\n $Id$\n=============================================================================
		$36.IncludeInNewFiles = True
		$0.TextStylePolicy = $37
		$37.inheritsSet = null
		$37.scope = application/config+xml
		$0.XmlFormattingPolicy = $38
		$38.inheritsSet = null
		$38.scope = application/config+xml
		version = 0.7
	EndGlobalSection
	GlobalSection(SolutionProperties) = preSolution
		HideSolutionNode = FALSE
	EndGlobalSection
EndGlobal
